
Microsoft Visual Studio Solution File, Format Version 12.00
# Visual Studio 2013
VisualStudioVersion = 12.0.30723.0
MinimumVisualStudioVersion = 10.0.40219.1
Project("{9092AA53-FB77-4645-B42D-1CCCA6BD08BD}") = "docqr_hackathonstarter1", "docqr_hackathonstarter1\docqr_hackathonstarter1.njsproj", "{66C1FFAC-5AA7-46CD-A147-8A4B0A11EB1D}"
EndProject
Global
	GlobalSection(SolutionConfigurationPlatforms) = preSolution
		Debug|Any CPU = Debug|Any CPU
		Release|Any CPU = Release|Any CPU
	EndGlobalSection
	GlobalSection(ProjectConfigurationPlatforms) = postSolution
		{66C1FFAC-5AA7-46CD-A147-8A4B0A11EB1D}.Debug|Any CPU.ActiveCfg = Debug|Any CPU
		{66C1FFAC-5AA7-46CD-A147-8A4B0A11EB1D}.Debug|Any CPU.Build.0 = Debug|Any CPU
		{66C1FFAC-5AA7-46CD-A147-8A4B0A11EB1D}.Release|Any CPU.ActiveCfg = Release|Any CPU
		{66C1FFAC-5AA7-46CD-A147-8A4B0A11EB1D}.Release|Any CPU.Build.0 = Release|Any CPU
	EndGlobalSection
	GlobalSection(SolutionProperties) = preSolution
		HideSolutionNode = FALSE
	EndGlobalSection
EndGlobal
